
Microsoft Visual Studio Solution File, Format Version 12.00
# Visual Studio Version 16
VisualStudioVersion = 16.0.31019.35
MinimumVisualStudioVersion = 10.0.40219.1
Project("{FAE04EC0-301F-11D3-BF4B-00C04F79EFBC}") = "UserRegistrationDay14", "UserRegistrationDay14\UserRegistrationDay14.csproj", "{F68AC5E1-8682-41AC-981A-8571A2CCABF7}"
EndProject
Project("{FAE04EC0-301F-11D3-BF4B-00C04F79EFBC}") = "UnitTestProject2", "UnitTestProject2\UnitTestProject2.csproj", "{A65495E6-E9BF-4F4C-B9C4-2F745487AD79}"
EndProject
Global
	GlobalSection(SolutionConfigurationPlatforms) = preSolution
		Debug|Any CPU = Debug|Any CPU
		Release|Any CPU = Release|Any CPU
	EndGlobalSection
	GlobalSection(ProjectConfigurationPlatforms) = postSolution
		{F68AC5E1-8682-41AC-981A-8571A2CCABF7}.Debug|Any CPU.ActiveCfg = Debug|Any CPU
		{F68AC5E1-8682-41AC-981A-8571A2CCABF7}.Debug|Any CPU.Build.0 = Debug|Any CPU
		{F68AC5E1-8682-41AC-981A-8571A2CCABF7}.Release|Any CPU.ActiveCfg = Release|Any CPU
		{F68AC5E1-8682-41AC-981A-8571A2CCABF7}.Release|Any CPU.Build.0 = Release|Any CPU
		{A65495E6-E9BF-4F4C-B9C4-2F745487AD79}.Debug|Any CPU.ActiveCfg = Debug|Any CPU
		{A65495E6-E9BF-4F4C-B9C4-2F745487AD79}.Debug|Any CPU.Build.0 = Debug|Any CPU
		{A65495E6-E9BF-4F4C-B9C4-2F745487AD79}.Release|Any CPU.ActiveCfg = Release|Any CPU
		{A65495E6-E9BF-4F4C-B9C4-2F745487AD79}.Release|Any CPU.Build.0 = Release|Any CPU
	EndGlobalSection
	GlobalSection(SolutionProperties) = preSolution
		HideSolutionNode = FALSE
	EndGlobalSection
	GlobalSection(ExtensibilityGlobals) = postSolution
		SolutionGuid = {36B002CD-755C-4610-AE9F-FF52F7FA516D}
	EndGlobalSection
EndGlobal
